
Microsoft Visual Studio Solution File, Format Version 12.00
# Visual Studio 15
VisualStudioVersion = 15.0.35213.121
MinimumVisualStudioVersion = 10.0.40219.1
Project("{FAE04EC0-301F-11D3-BF4B-00C04F79EFBC}") = "YazarveKit", "YazarveKit\YazarveKit.csproj", "{F4933330-4F2F-4D7B-A37C-9CCA73221BD9}"
EndProject
Global
	GlobalSection(SolutionConfigurationPlatforms) = preSolution
		Debug|Any CPU = Debug|Any CPU
		Release|Any CPU = Release|Any CPU
	EndGlobalSection
	GlobalSection(ProjectConfigurationPlatforms) = postSolution
		{F4933330-4F2F-4D7B-A37C-9CCA73221BD9}.Debug|Any CPU.ActiveCfg = Debug|Any CPU
		{F4933330-4F2F-4D7B-A37C-9CCA73221BD9}.Debug|Any CPU.Build.0 = Debug|Any CPU
		{F4933330-4F2F-4D7B-A37C-9CCA73221BD9}.Release|Any CPU.ActiveCfg = Release|Any CPU
		{F4933330-4F2F-4D7B-A37C-9CCA73221BD9}.Release|Any CPU.Build.0 = Release|Any CPU
	EndGlobalSection
	GlobalSection(SolutionProperties) = preSolution
		HideSolutionNode = FALSE
	EndGlobalSection
	GlobalSection(ExtensibilityGlobals) = postSolution
		SolutionGuid = {B520EA83-07DA-4481-80F9-48726889672A}
	EndGlobalSection
EndGlobal
