
Microsoft Visual Studio Solution File, Format Version 12.00
# Visual Studio 15
VisualStudioVersion = 15.0.35213.121
MinimumVisualStudioVersion = 10.0.40219.1
Project("{FAE04EC0-301F-11D3-BF4B-00C04F79EFBC}") = "DoktorveHas", "DoktorveHas\DoktorveHas.csproj", "{2DD298A9-D986-4CCB-B8D4-6A785E0E791D}"
EndProject
Global
	GlobalSection(SolutionConfigurationPlatforms) = preSolution
		Debug|Any CPU = Debug|Any CPU
		Release|Any CPU = Release|Any CPU
	EndGlobalSection
	GlobalSection(ProjectConfigurationPlatforms) = postSolution
		{2DD298A9-D986-4CCB-B8D4-6A785E0E791D}.Debug|Any CPU.ActiveCfg = Debug|Any CPU
		{2DD298A9-D986-4CCB-B8D4-6A785E0E791D}.Debug|Any CPU.Build.0 = Debug|Any CPU
		{2DD298A9-D986-4CCB-B8D4-6A785E0E791D}.Release|Any CPU.ActiveCfg = Release|Any CPU
		{2DD298A9-D986-4CCB-B8D4-6A785E0E791D}.Release|Any CPU.Build.0 = Release|Any CPU
	EndGlobalSection
	GlobalSection(SolutionProperties) = preSolution
		HideSolutionNode = FALSE
	EndGlobalSection
	GlobalSection(ExtensibilityGlobals) = postSolution
		SolutionGuid = {606A5FE5-9195-4CE4-B6EE-906302D445EF}
	EndGlobalSection
EndGlobal
