
Microsoft Visual Studio Solution File, Format Version 12.00
# Visual Studio 15
VisualStudioVersion = 15.0.35213.121
MinimumVisualStudioVersion = 10.0.40219.1
Project("{FAE04EC0-301F-11D3-BF4B-00C04F79EFBC}") = "Kutuphane2", "Kutuphane2\Kutuphane2.csproj", "{68FEB49D-30E9-4432-83E1-96EAB6E70904}"
EndProject
Global
	GlobalSection(SolutionConfigurationPlatforms) = preSolution
		Debug|Any CPU = Debug|Any CPU
		Release|Any CPU = Release|Any CPU
	EndGlobalSection
	GlobalSection(ProjectConfigurationPlatforms) = postSolution
		{68FEB49D-30E9-4432-83E1-96EAB6E70904}.Debug|Any CPU.ActiveCfg = Debug|Any CPU
		{68FEB49D-30E9-4432-83E1-96EAB6E70904}.Debug|Any CPU.Build.0 = Debug|Any CPU
		{68FEB49D-30E9-4432-83E1-96EAB6E70904}.Release|Any CPU.ActiveCfg = Release|Any CPU
		{68FEB49D-30E9-4432-83E1-96EAB6E70904}.Release|Any CPU.Build.0 = Release|Any CPU
	EndGlobalSection
	GlobalSection(SolutionProperties) = preSolution
		HideSolutionNode = FALSE
	EndGlobalSection
	GlobalSection(ExtensibilityGlobals) = postSolution
		SolutionGuid = {CF33EA24-EF94-4C50-8ABB-4AE19DBEF35D}
	EndGlobalSection
EndGlobal
