
Microsoft Visual Studio Solution File, Format Version 12.00
# Visual Studio 15
VisualStudioVersion = 15.0.35213.121
MinimumVisualStudioVersion = 10.0.40219.1
Project("{FAE04EC0-301F-11D3-BF4B-00C04F79EFBC}") = "Sirket", "Sirket\Sirket.csproj", "{9F48E226-904E-4FDB-831A-AB3FA90083F2}"
EndProject
Global
	GlobalSection(SolutionConfigurationPlatforms) = preSolution
		Debug|Any CPU = Debug|Any CPU
		Release|Any CPU = Release|Any CPU
	EndGlobalSection
	GlobalSection(ProjectConfigurationPlatforms) = postSolution
		{9F48E226-904E-4FDB-831A-AB3FA90083F2}.Debug|Any CPU.ActiveCfg = Debug|Any CPU
		{9F48E226-904E-4FDB-831A-AB3FA90083F2}.Debug|Any CPU.Build.0 = Debug|Any CPU
		{9F48E226-904E-4FDB-831A-AB3FA90083F2}.Release|Any CPU.ActiveCfg = Release|Any CPU
		{9F48E226-904E-4FDB-831A-AB3FA90083F2}.Release|Any CPU.Build.0 = Release|Any CPU
	EndGlobalSection
	GlobalSection(SolutionProperties) = preSolution
		HideSolutionNode = FALSE
	EndGlobalSection
	GlobalSection(ExtensibilityGlobals) = postSolution
		SolutionGuid = {37EA0C2A-C739-4818-9B49-B32EDD61F57E}
	EndGlobalSection
EndGlobal
