
Microsoft Visual Studio Solution File, Format Version 12.00
# Visual Studio 15
VisualStudioVersion = 15.0.35213.121
MinimumVisualStudioVersion = 10.0.40219.1
Project("{FAE04EC0-301F-11D3-BF4B-00C04F79EFBC}") = "SirketveCalisan2", "SirketveCalisan2\SirketveCalisan2.csproj", "{2AEA5BDC-47A9-4854-9160-5871472BE324}"
EndProject
Global
	GlobalSection(SolutionConfigurationPlatforms) = preSolution
		Debug|Any CPU = Debug|Any CPU
		Release|Any CPU = Release|Any CPU
	EndGlobalSection
	GlobalSection(ProjectConfigurationPlatforms) = postSolution
		{2AEA5BDC-47A9-4854-9160-5871472BE324}.Debug|Any CPU.ActiveCfg = Debug|Any CPU
		{2AEA5BDC-47A9-4854-9160-5871472BE324}.Debug|Any CPU.Build.0 = Debug|Any CPU
		{2AEA5BDC-47A9-4854-9160-5871472BE324}.Release|Any CPU.ActiveCfg = Release|Any CPU
		{2AEA5BDC-47A9-4854-9160-5871472BE324}.Release|Any CPU.Build.0 = Release|Any CPU
	EndGlobalSection
	GlobalSection(SolutionProperties) = preSolution
		HideSolutionNode = FALSE
	EndGlobalSection
	GlobalSection(ExtensibilityGlobals) = postSolution
		SolutionGuid = {41E42EEA-A472-4C8B-B001-303DAD084002}
	EndGlobalSection
EndGlobal
